// !$*UTF8*$!
{
	archiveVersion = 1;
	classes = {
	};
	objectVersion = 50;
	objects = {

/* Begin PBXBuildFile section */
		C84B9D4325BA1A32003DF4A7 /* PhoneWidgetApp.swift in Sources */ = {isa = PBXBuildFile; fileRef = C84B9D4225BA1A32003DF4A7 /* PhoneWidgetApp.swift */; };
		C84B9D4525BA1A32003DF4A7 /* ContentView.swift in Sources */ = {isa = PBXBuildFile; fileRef = C84B9D4425BA1A32003DF4A7 /* ContentView.swift */; };
		C84B9D4725BA1A33003DF4A7 /* Assets.xcassets in Resources */ = {isa = PBXBuildFile; fileRef = C84B9D4625BA1A33003DF4A7 /* Assets.xcassets */; };
		C84B9D4A25BA1A33003DF4A7 /* Preview Assets.xcassets in Resources */ = {isa = PBXBuildFile; fileRef = C84B9D4925BA1A33003DF4A7 /* Preview Assets.xcassets */; };
		C84B9D4C25BA1A33003DF4A7 /* Persistence.swift in Sources */ = {isa = PBXBuildFile; fileRef = C84B9D4B25BA1A33003DF4A7 /* Persistence.swift */; };
		C84B9D4F25BA1A33003DF4A7 /* PhoneWidget.xcdatamodeld in Sources */ = {isa = PBXBuildFile; fileRef = C84B9D4D25BA1A33003DF4A7 /* PhoneWidget.xcdatamodeld */; };
/* End PBXBuildFile section */

/* Begin PBXFileReference section */
		C84B9D3F25BA1A32003DF4A7 /* PhoneWidget.app */ = {isa = PBXFileReference; explicitFileType = wrapper.application; includeInIndex = 0; path = PhoneWidget.app; sourceTree = BUILT_PRODUCTS_DIR; };
		C84B9D4225BA1A32003DF4A7 /* PhoneWidgetApp.swift */ = {isa = PBXFileReference; lastKnownFileType = sourcecode.swift; path = PhoneWidgetApp.swift; sourceTree = "<group>"; };
		C84B9D4425BA1A32003DF4A7 /* ContentView.swift */ = {isa = PBXFileReference; lastKnownFileType = sourcecode.swift; path = ContentView.swift; sourceTree = "<group>"; };
		C84B9D4625BA1A33003DF4A7 /* Assets.xcassets */ = {isa = PBXFileReference; lastKnownFileType = folder.assetcatalog; path = Assets.xcassets; sourceTree = "<group>"; };
		C84B9D4925BA1A33003DF4A7 /* Preview Assets.xcassets */ = {isa = PBXFileReference; lastKnownFileType = folder.assetcatalog; path = "Preview Assets.xcassets"; sourceTree = "<group>"; };
		C84B9D4B25BA1A33003DF4A7 /* Persistence.swift */ = {isa = PBXFileReference; lastKnownFileType = sourcecode.swift; path = Persistence.swift; sourceTree = "<group>"; };
		C84B9D4E25BA1A33003DF4A7 /* PhoneWidget.xcdatamodel */ = {isa = PBXFileReference; lastKnownFileType = wrapper.xcdatamodel; path = PhoneWidget.xcdatamodel; sourceTree = "<group>"; };
		C84B9D5025BA1A33003DF4A7 /* Info.plist */ = {isa = PBXFileReference; lastKnownFileType = text.plist.xml; path = Info.plist; sourceTree = "<group>"; };
/* End PBXFileReference section */

/* Begin PBXFrameworksBuildPhase section */
		C84B9D3C25BA1A32003DF4A7 /* Frameworks */ = {
			isa = PBXFrameworksBuildPhase;
			buildActionMask = 2147483647;
			files = (
			);
			runOnlyForDeploymentPostprocessing = 0;
		};
/* End PBXFrameworksBuildPhase section */

/* Begin PBXGroup section */
		C84B9D3625BA1A32003DF4A7 = {
			isa = PBXGroup;
			children = (
				C84B9D4125BA1A32003DF4A7 /* PhoneWidget */,
				C84B9D4025BA1A32003DF4A7 /* Products */,
			);
			sourceTree = "<group>";
		};
		C84B9D4025BA1A32003DF4A7 /* Products */ = {
			isa = PBXGroup;
			children = (
				C84B9D3F25BA1A32003DF4A7 /* PhoneWidget.app */,
			);
			name = Products;
			sourceTree = "<group>";
		};
		C84B9D4125BA1A32003DF4A7 /* PhoneWidget */ = {
			isa = PBXGroup;
			children = (
				C84B9D4225BA1A32003DF4A7 /* PhoneWidgetApp.swift */,
				C84B9D4425BA1A32003DF4A7 /* ContentView.swift */,
				C84B9D4625BA1A33003DF4A7 /* Assets.xcassets */,
				C84B9D4B25BA1A33003DF4A7 /* Persistence.swift */,
				C84B9D5025BA1A33003DF4A7 /* Info.plist */,
				C84B9D4D25BA1A33003DF4A7 /* PhoneWidget.xcdatamodeld */,
				C84B9D4825BA1A33003DF4A7 /* Preview Content */,
			);
			path = PhoneWidget;
			sourceTree = "<group>";
		};
		C84B9D4825BA1A33003DF4A7 /* Preview Content */ = {
			isa = PBXGroup;
			children = (
				C84B9D4925BA1A33003DF4A7 /* Preview Assets.xcassets */,
			);
			path = "Preview Content";
			sourceTree = "<group>";
		};
/* End PBXGroup section */

/* Begin PBXNativeTarget section */
		C84B9D3E25BA1A32003DF4A7 /* PhoneWidget */ = {
			isa = PBXNativeTarget;
			buildConfigurationList = C84B9D5325BA1A33003DF4A7 /* Build configuration list for PBXNativeTarget "PhoneWidget" */;
			buildPhases = (
				C84B9D3B25BA1A32003DF4A7 /* Sources */,
				C84B9D3C25BA1A32003DF4A7 /* Frameworks */,
				C84B9D3D25BA1A32003DF4A7 /* Resources */,
			);
			buildRules = (
			);
			dependencies = (
			);
			name = PhoneWidget;
			productName = PhoneWidget;
			productReference = C84B9D3F25BA1A32003DF4A7 /* PhoneWidget.app */;
			productType = "com.apple.product-type.application";
		};
/* End PBXNativeTarget section */

/* Begin PBXProject section */
		C84B9D3725BA1A32003DF4A7 /* Project object */ = {
			isa = PBXProject;
			attributes = {
				LastSwiftUpdateCheck = 1230;
				LastUpgradeCheck = 1230;
				TargetAttributes = {
					C84B9D3E25BA1A32003DF4A7 = {
						CreatedOnToolsVersion = 12.3;
					};
				};
			};
			buildConfigurationList = C84B9D3A25BA1A32003DF4A7 /* Build configuration list for PBXProject "PhoneWidget" */;
			compatibilityVersion = "Xcode 9.3";
			developmentRegion = en;
			hasScannedForEncodings = 0;
			knownRegions = (
				en,
				Base,
			);
			mainGroup = C84B9D3625BA1A32003DF4A7;
			productRefGroup = C84B9D4025BA1A32003DF4A7 /* Products */;
			projectDirPath = "";
			projectRoot = "";
			targets = (
				C84B9D3E25BA1A32003DF4A7 /* PhoneWidget */,
			);
		};
/* End PBXProject section */

/* Begin PBXResourcesBuildPhase section */
		C84B9D3D25BA1A32003DF4A7 /* Resources */ = {
			isa = PBXResourcesBuildPhase;
			buildActionMask = 2147483647;
			files = (
				C84B9D4A25BA1A33003DF4A7 /* Preview Assets.xcassets in Resources */,
				C84B9D4725BA1A33003DF4A7 /* Assets.xcassets in Resources */,
			);
			runOnlyForDeploymentPostprocessing = 0;
		};
/* End PBXResourcesBuildPhase section */

/* Begin PBXSourcesBuildPhase section */
		C84B9D3B25BA1A32003DF4A7 /* Sources */ = {
			isa = PBXSourcesBuildPhase;
			buildActionMask = 2147483647;
			files = (
				C84B9D4C25BA1A33003DF4A7 /* Persistence.swift in Sources */,
				C84B9D4525BA1A32003DF4A7 /* ContentView.swift in Sources */,
				C84B9D4F25BA1A33003DF4A7 /* PhoneWidget.xcdatamodeld in Sources */,
				C84B9D4325BA1A32003DF4A7 /* PhoneWidgetApp.swift in Sources */,
			);
			runOnlyForDeploymentPostprocessing = 0;
		};
/* End PBXSourcesBuildPhase section */

/* Begin XCBuildConfiguration section */
		C84B9D5125BA1A33003DF4A7 /* Debug */ = {
			isa = XCBuildConfiguration;
			buildSettings = {
				ALWAYS_SEARCH_USER_PATHS = NO;
				CLANG_ANALYZER_NONNULL = YES;
				CLANG_ANALYZER_NUMBER_OBJECT_CONVERSION = YES_AGGRESSIVE;
				CLANG_CXX_LANGUAGE_STANDARD = "gnu++14";
				CLANG_CXX_LIBRARY = "libc++";
				CLANG_ENABLE_MODULES = YES;
				CLANG_ENABLE_OBJC_ARC = YES;
				CLANG_ENABLE_OBJC_WEAK = YES;
				CLANG_WARN_BLOCK_CAPTURE_AUTORELEASING = YES;
				CLANG_WARN_BOOL_CONVERSION = YES;
				CLANG_WARN_COMMA = YES;
				CLANG_WARN_CONSTANT_CONVERSION = YES;
				CLANG_WARN_DEPRECATED_OBJC_IMPLEMENTATIONS = YES;
				CLANG_WARN_DIRECT_OBJC_ISA_USAGE = YES_ERROR;
				CLANG_WARN_DOCUMENTATION_COMMENTS = YES;
				CLANG_WARN_EMPTY_BODY = YES;
				CLANG_WARN_ENUM_CONVERSION = YES;
				CLANG_WARN_INFINITE_RECURSION = YES;
				CLANG_WARN_INT_CONVERSION = YES;
				CLANG_WARN_NON_LITERAL_NULL_CONVERSION = YES;
				CLANG_WARN_OBJC_IMPLICIT_RETAIN_SELF = YES;
				CLANG_WARN_OBJC_LITERAL_CONVERSION = YES;
				CLANG_WARN_OBJC_ROOT_CLASS = YES_ERROR;
				CLANG_WARN_QUOTED_INCLUDE_IN_FRAMEWORK_HEADER = YES;
				CLANG_WARN_RANGE_LOOP_ANALYSIS = YES;
				CLANG_WARN_STRICT_PROTOTYPES = YES;
				CLANG_WARN_SUSPICIOUS_MOVE = YES;
				CLANG_WARN_UNGUARDED_AVAILABILITY = YES_AGGRESSIVE;
				CLANG_WARN_UNREACHABLE_CODE = YES;
				CLANG_WARN__DUPLICATE_METHOD_MATCH = YES;
				COPY_PHASE_STRIP = NO;
				DEBUG_INFORMATION_FORMAT = dwarf;
				ENABLE_STRICT_OBJC_MSGSEND = YES;
				ENABLE_TESTABILITY = YES;
				GCC_C_LANGUAGE_STANDARD = gnu11;
				GCC_DYNAMIC_NO_PIC = NO;
				GCC_NO_COMMON_BLOCKS = YES;
				GCC_OPTIMIZATION_LEVEL = 0;
				GCC_PREPROCESSOR_DEFINITIONS = (
					"DEBUG=1",
					"$(inherited)",
				);
				GCC_WARN_64_TO_32_BIT_CONVERSION = YES;
				GCC_WARN_ABOUT_RETURN_TYPE = YES_ERROR;
				GCC_WARN_UNDECLARED_SELECTOR = YES;
				GCC_WARN_UNINITIALIZED_AUTOS = YES_AGGRESSIVE;
				GCC_WARN_UNUSED_FUNCTION = YES;
				GCC_WARN_UNUSED_VARIABLE = YES;
				IPHONEOS_DEPLOYMENT_TARGET = 14.3;
				MTL_ENABLE_DEBUG_INFO = INCLUDE_SOURCE;
				MTL_FAST_MATH = YES;
				ONLY_ACTIVE_ARCH = YES;
				SDKROOT = iphoneos;
				SWIFT_ACTIVE_COMPILATION_CONDITIONS = DEBUG;
				SWIFT_OPTIMIZATION_LEVEL = "-Onone";
			};
			name = Debug;
		};
		C84B9D5225BA1A33003DF4A7 /* Release */ = {
			isa = XCBuildConfiguration;
			buildSettings = {
				ALWAYS_SEARCH_USER_PATHS = NO;
				CLANG_ANALYZER_NONNULL = YES;
				CLANG_ANALYZER_NUMBER_OBJECT_CONVERSION = YES_AGGRESSIVE;
				CLANG_CXX_LANGUAGE_STANDARD = "gnu++14";
				CLANG_CXX_LIBRARY = "libc++";
				CLANG_ENABLE_MODULES = YES;
				CLANG_ENABLE_OBJC_ARC = YES;
				CLANG_ENABLE_OBJC_WEAK = YES;
				CLANG_WARN_BLOCK_CAPTURE_AUTORELEASING = YES;
				CLANG_WARN_BOOL_CONVERSION = YES;
				CLANG_WARN_COMMA = YES;
				CLANG_WARN_CONSTANT_CONVERSION = YES;
				CLANG_WARN_DEPRECATED_OBJC_IMPLEMENTATIONS = YES;
				CLANG_WARN_DIRECT_OBJC_ISA_USAGE = YES_ERROR;
				CLANG_WARN_DOCUMENTATION_COMMENTS = YES;
				CLANG_WARN_EMPTY_BODY = YES;
				CLANG_WARN_ENUM_CONVERSION = YES;
				CLANG_WARN_INFINITE_RECURSION = YES;
				CLANG_WARN_INT_CONVERSION = YES;
				CLANG_WARN_NON_LITERAL_NULL_CONVERSION = YES;
				CLANG_WARN_OBJC_IMPLICIT_RETAIN_SELF = YES;
				CLANG_WARN_OBJC_LITERAL_CONVERSION = YES;
				CLANG_WARN_OBJC_ROOT_CLASS = YES_ERROR;
				CLANG_WARN_QUOTED_INCLUDE_IN_FRAMEWORK_HEADER = YES;
				CLANG_WARN_RANGE_LOOP_ANALYSIS = YES;
				CLANG_WARN_STRICT_PROTOTYPES = YES;
				CLANG_WARN_SUSPICIOUS_MOVE = YES;
				CLANG_WARN_UNGUARDED_AVAILABILITY = YES_AGGRESSIVE;
				CLANG_WARN_UNREACHABLE_CODE = YES;
				CLANG_WARN__DUPLICATE_METHOD_MATCH = YES;
				COPY_PHASE_STRIP = NO;
				DEBUG_INFORMATION_FORMAT = "dwarf-with-dsym";
				ENABLE_NS_ASSERTIONS = NO;
				ENABLE_STRICT_OBJC_MSGSEND = YES;
				GCC_C_LANGUAGE_STANDARD = gnu11;
				GCC_NO_COMMON_BLOCKS = YES;
				GCC_WARN_64_TO_32_BIT_CONVERSION = YES;
				GCC_WARN_ABOUT_RETURN_TYPE = YES_ERROR;
				GCC_WARN_UNDECLARED_SELECTOR = YES;
				GCC_WARN_UNINITIALIZED_AUTOS = YES_AGGRESSIVE;
				GCC_WARN_UNUSED_FUNCTION = YES;
				GCC_WARN_UNUSED_VARIABLE = YES;
				IPHONEOS_DEPLOYMENT_TARGET = 14.3;
				MTL_ENABLE_DEBUG_INFO = NO;
				MTL_FAST_MATH = YES;
				SDKROOT = iphoneos;
				SWIFT_COMPILATION_MODE = wholemodule;
				SWIFT_OPTIMIZATION_LEVEL = "-O";
				VALIDATE_PRODUCT = YES;
			};
			name = Release;
		};
		C84B9D5425BA1A33003DF4A7 /* Debug */ = {
			isa = XCBuildConfiguration;
			buildSettings = {
				ASSETCATALOG_COMPILER_APPICON_NAME = AppIcon;
				ASSETCATALOG_COMPILER_GLOBAL_ACCENT_COLOR_NAME = AccentColor;
				CODE_SIGN_STYLE = Automatic;
				DEVELOPMENT_ASSET_PATHS = "\"PhoneWidget/Preview Content\"";
				DEVELOPMENT_TEAM = FS696NSBK7;
				ENABLE_PREVIEWS = YES;
				INFOPLIST_FILE = PhoneWidget/Info.plist;
				IPHONEOS_DEPLOYMENT_TARGET = 14.0;
				LD_RUNPATH_SEARCH_PATHS = (
					"$(inherited)",
					"@executable_path/Frameworks",
				);
				PRODUCT_BUNDLE_IDENTIFIER = com.emiliopelaez.PhoneWidget;
				PRODUCT_NAME = "$(TARGET_NAME)";
				SWIFT_VERSION = 5.0;
				TARGETED_DEVICE_FAMILY = "1,2";
			};
			name = Debug;
		};
		C84B9D5525BA1A33003DF4A7 /* Release */ = {
			isa = XCBuildConfiguration;
			buildSettings = {
				ASSETCATALOG_COMPILER_APPICON_NAME = AppIcon;
				ASSETCATALOG_COMPILER_GLOBAL_ACCENT_COLOR_NAME = AccentColor;
				CODE_SIGN_STYLE = Automatic;
				DEVELOPMENT_ASSET_PATHS = "\"PhoneWidget/Preview Content\"";
				DEVELOPMENT_TEAM = FS696NSBK7;
				ENABLE_PREVIEWS = YES;
				INFOPLIST_FILE = PhoneWidget/Info.plist;
				IPHONEOS_DEPLOYMENT_TARGET = 14.0;
				LD_RUNPATH_SEARCH_PATHS = (
					"$(inherited)",
					"@executable_path/Frameworks",
				);
				PRODUCT_BUNDLE_IDENTIFIER = com.emiliopelaez.PhoneWidget;
				PRODUCT_NAME = "$(TARGET_NAME)";
				SWIFT_VERSION = 5.0;
				TARGETED_DEVICE_FAMILY = "1,2";
			};
			name = Release;
		};
/* End XCBuildConfiguration section */

/* Begin XCConfigurationList section */
		C84B9D3A25BA1A32003DF4A7 /* Build configuration list for PBXProject "PhoneWidget" */ = {
			isa = XCConfigurationList;
			buildConfigurations = (
				C84B9D5125BA1A33003DF4A7 /* Debug */,
				C84B9D5225BA1A33003DF4A7 /* Release */,
			);
			defaultConfigurationIsVisible = 0;
			defaultConfigurationName = Release;
		};
		C84B9D5325BA1A33003DF4A7 /* Build configuration list for PBXNativeTarget "PhoneWidget" */ = {
			isa = XCConfigurationList;
			buildConfigurations = (
				C84B9D5425BA1A33003DF4A7 /* Debug */,
				C84B9D5525BA1A33003DF4A7 /* Release */,
			);
			defaultConfigurationIsVisible = 0;
			defaultConfigurationName = Release;
		};
/* End XCConfigurationList section */

/* Begin XCVersionGroup section */
		C84B9D4D25BA1A33003DF4A7 /* PhoneWidget.xcdatamodeld */ = {
			isa = XCVersionGroup;
			children = (
				C84B9D4E25BA1A33003DF4A7 /* PhoneWidget.xcdatamodel */,
			);
			currentVersion = C84B9D4E25BA1A33003DF4A7 /* PhoneWidget.xcdatamodel */;
			path = PhoneWidget.xcdatamodeld;
			sourceTree = "<group>";
			versionGroupType = wrapper.xcdatamodel;
		};
/* End XCVersionGroup section */
	};
	rootObject = C84B9D3725BA1A32003DF4A7 /* Project object */;
}
