// !$*UTF8*$!
{
	archiveVersion = 1;
	classes = {
	};
	objectVersion = 50;
	objects = {

/* Begin PBXBuildFile section */
		C837D02C25BA31E200FB1D48 /* Background.swift in Sources */ = {isa = PBXBuildFile; fileRef = C837D02425BA31DF00FB1D48 /* Background.swift */; };
		C837D04525BA350000FB1D48 /* SmallImageWidget.swift in Sources */ = {isa = PBXBuildFile; fileRef = C837D03825BA332100FB1D48 /* SmallImageWidget.swift */; };
		C837D04625BA350000FB1D48 /* SmallImageWidgetView.swift in Sources */ = {isa = PBXBuildFile; fileRef = C837D04025BA335300FB1D48 /* SmallImageWidgetView.swift */; };
		C84B9D4325BA1A32003DF4A7 /* PhoneWidgetApp.swift in Sources */ = {isa = PBXBuildFile; fileRef = C84B9D4225BA1A32003DF4A7 /* PhoneWidgetApp.swift */; };
		C84B9D4525BA1A32003DF4A7 /* ContentView.swift in Sources */ = {isa = PBXBuildFile; fileRef = C84B9D4425BA1A32003DF4A7 /* ContentView.swift */; };
		C84B9D4725BA1A33003DF4A7 /* Assets.xcassets in Resources */ = {isa = PBXBuildFile; fileRef = C84B9D4625BA1A33003DF4A7 /* Assets.xcassets */; };
		C84B9D4A25BA1A33003DF4A7 /* Preview Assets.xcassets in Resources */ = {isa = PBXBuildFile; fileRef = C84B9D4925BA1A33003DF4A7 /* Preview Assets.xcassets */; };
		C84B9D6125BA22BD003DF4A7 /* WidgetKit.framework in Frameworks */ = {isa = PBXBuildFile; fileRef = C84B9D6025BA22BD003DF4A7 /* WidgetKit.framework */; };
		C84B9D6325BA22BD003DF4A7 /* SwiftUI.framework in Frameworks */ = {isa = PBXBuildFile; fileRef = C84B9D6225BA22BD003DF4A7 /* SwiftUI.framework */; };
		C84B9D6625BA22BD003DF4A7 /* Widgets.swift in Sources */ = {isa = PBXBuildFile; fileRef = C84B9D6525BA22BD003DF4A7 /* Widgets.swift */; };
		C84B9D6925BA22BE003DF4A7 /* Assets.xcassets in Resources */ = {isa = PBXBuildFile; fileRef = C84B9D6825BA22BE003DF4A7 /* Assets.xcassets */; };
		C84B9D6B25BA22BE003DF4A7 /* Widgets.intentdefinition in Sources */ = {isa = PBXBuildFile; fileRef = C84B9D6725BA22BD003DF4A7 /* Widgets.intentdefinition */; };
		C84B9D6C25BA22BE003DF4A7 /* Widgets.intentdefinition in Sources */ = {isa = PBXBuildFile; fileRef = C84B9D6725BA22BD003DF4A7 /* Widgets.intentdefinition */; };
		C84B9D6F25BA22BE003DF4A7 /* WidgetsExtension.appex in Embed App Extensions */ = {isa = PBXBuildFile; fileRef = C84B9D5E25BA22BD003DF4A7 /* WidgetsExtension.appex */; settings = {ATTRIBUTES = (RemoveHeadersOnCopy, ); }; };
		C84B9D8625BA24BB003DF4A7 /* Intents.framework in Frameworks */ = {isa = PBXBuildFile; fileRef = C84B9D8525BA24BB003DF4A7 /* Intents.framework */; };
		C84B9D8925BA24BB003DF4A7 /* IntentHandler.swift in Sources */ = {isa = PBXBuildFile; fileRef = C84B9D8825BA24BB003DF4A7 /* IntentHandler.swift */; };
		C84B9D8D25BA24BB003DF4A7 /* IntentHandler.appex in Embed App Extensions */ = {isa = PBXBuildFile; fileRef = C84B9D8425BA24BB003DF4A7 /* IntentHandler.appex */; settings = {ATTRIBUTES = (RemoveHeadersOnCopy, ); }; };
		C84B9D9425BA24DC003DF4A7 /* Widgets.intentdefinition in Sources */ = {isa = PBXBuildFile; fileRef = C84B9D6725BA22BD003DF4A7 /* Widgets.intentdefinition */; };
		C84B9D9925BA24F2003DF4A7 /* ConfigurationIntentHandler.swift in Sources */ = {isa = PBXBuildFile; fileRef = C84B9D9825BA24F2003DF4A7 /* ConfigurationIntentHandler.swift */; };
/* End PBXBuildFile section */

/* Begin PBXContainerItemProxy section */
		C84B9D6D25BA22BE003DF4A7 /* PBXContainerItemProxy */ = {
			isa = PBXContainerItemProxy;
			containerPortal = C84B9D3725BA1A32003DF4A7 /* Project object */;
			proxyType = 1;
			remoteGlobalIDString = C84B9D5D25BA22BD003DF4A7;
			remoteInfo = WidgetsExtension;
		};
		C84B9D8B25BA24BB003DF4A7 /* PBXContainerItemProxy */ = {
			isa = PBXContainerItemProxy;
			containerPortal = C84B9D3725BA1A32003DF4A7 /* Project object */;
			proxyType = 1;
			remoteGlobalIDString = C84B9D8325BA24BB003DF4A7;
			remoteInfo = IntentHandler;
		};
/* End PBXContainerItemProxy section */

/* Begin PBXCopyFilesBuildPhase section */
		C84B9D7325BA22BE003DF4A7 /* Embed App Extensions */ = {
			isa = PBXCopyFilesBuildPhase;
			buildActionMask = 2147483647;
			dstPath = "";
			dstSubfolderSpec = 13;
			files = (
				C84B9D6F25BA22BE003DF4A7 /* WidgetsExtension.appex in Embed App Extensions */,
				C84B9D8D25BA24BB003DF4A7 /* IntentHandler.appex in Embed App Extensions */,
			);
			name = "Embed App Extensions";
			runOnlyForDeploymentPostprocessing = 0;
		};
/* End PBXCopyFilesBuildPhase section */

/* Begin PBXFileReference section */
		C837D02425BA31DF00FB1D48 /* Background.swift */ = {isa = PBXFileReference; lastKnownFileType = sourcecode.swift; path = Background.swift; sourceTree = "<group>"; };
		C837D03825BA332100FB1D48 /* SmallImageWidget.swift */ = {isa = PBXFileReference; lastKnownFileType = sourcecode.swift; path = SmallImageWidget.swift; sourceTree = "<group>"; };
		C837D04025BA335300FB1D48 /* SmallImageWidgetView.swift */ = {isa = PBXFileReference; lastKnownFileType = sourcecode.swift; path = SmallImageWidgetView.swift; sourceTree = "<group>"; };
		C84B9D3F25BA1A32003DF4A7 /* PhoneWidget.app */ = {isa = PBXFileReference; explicitFileType = wrapper.application; includeInIndex = 0; path = PhoneWidget.app; sourceTree = BUILT_PRODUCTS_DIR; };
		C84B9D4225BA1A32003DF4A7 /* PhoneWidgetApp.swift */ = {isa = PBXFileReference; lastKnownFileType = sourcecode.swift; path = PhoneWidgetApp.swift; sourceTree = "<group>"; };
		C84B9D4425BA1A32003DF4A7 /* ContentView.swift */ = {isa = PBXFileReference; lastKnownFileType = sourcecode.swift; path = ContentView.swift; sourceTree = "<group>"; };
		C84B9D4625BA1A33003DF4A7 /* Assets.xcassets */ = {isa = PBXFileReference; lastKnownFileType = folder.assetcatalog; path = Assets.xcassets; sourceTree = "<group>"; };
		C84B9D4925BA1A33003DF4A7 /* Preview Assets.xcassets */ = {isa = PBXFileReference; lastKnownFileType = folder.assetcatalog; path = "Preview Assets.xcassets"; sourceTree = "<group>"; };
		C84B9D5025BA1A33003DF4A7 /* Info.plist */ = {isa = PBXFileReference; lastKnownFileType = text.plist.xml; path = Info.plist; sourceTree = "<group>"; };
		C84B9D5E25BA22BD003DF4A7 /* WidgetsExtension.appex */ = {isa = PBXFileReference; explicitFileType = "wrapper.app-extension"; includeInIndex = 0; path = WidgetsExtension.appex; sourceTree = BUILT_PRODUCTS_DIR; };
		C84B9D6025BA22BD003DF4A7 /* WidgetKit.framework */ = {isa = PBXFileReference; lastKnownFileType = wrapper.framework; name = WidgetKit.framework; path = System/Library/Frameworks/WidgetKit.framework; sourceTree = SDKROOT; };
		C84B9D6225BA22BD003DF4A7 /* SwiftUI.framework */ = {isa = PBXFileReference; lastKnownFileType = wrapper.framework; name = SwiftUI.framework; path = System/Library/Frameworks/SwiftUI.framework; sourceTree = SDKROOT; };
		C84B9D6525BA22BD003DF4A7 /* Widgets.swift */ = {isa = PBXFileReference; lastKnownFileType = sourcecode.swift; path = Widgets.swift; sourceTree = "<group>"; };
		C84B9D6725BA22BD003DF4A7 /* Widgets.intentdefinition */ = {isa = PBXFileReference; lastKnownFileType = file.intentdefinition; path = Widgets.intentdefinition; sourceTree = "<group>"; };
		C84B9D6825BA22BE003DF4A7 /* Assets.xcassets */ = {isa = PBXFileReference; lastKnownFileType = folder.assetcatalog; path = Assets.xcassets; sourceTree = "<group>"; };
		C84B9D6A25BA22BE003DF4A7 /* Info.plist */ = {isa = PBXFileReference; lastKnownFileType = text.plist.xml; path = Info.plist; sourceTree = "<group>"; };
		C84B9D8425BA24BB003DF4A7 /* IntentHandler.appex */ = {isa = PBXFileReference; explicitFileType = "wrapper.app-extension"; includeInIndex = 0; path = IntentHandler.appex; sourceTree = BUILT_PRODUCTS_DIR; };
		C84B9D8525BA24BB003DF4A7 /* Intents.framework */ = {isa = PBXFileReference; lastKnownFileType = wrapper.framework; name = Intents.framework; path = System/Library/Frameworks/Intents.framework; sourceTree = SDKROOT; };
		C84B9D8825BA24BB003DF4A7 /* IntentHandler.swift */ = {isa = PBXFileReference; lastKnownFileType = sourcecode.swift; path = IntentHandler.swift; sourceTree = "<group>"; };
		C84B9D8A25BA24BB003DF4A7 /* Info.plist */ = {isa = PBXFileReference; lastKnownFileType = text.plist.xml; path = Info.plist; sourceTree = "<group>"; };
		C84B9D9825BA24F2003DF4A7 /* ConfigurationIntentHandler.swift */ = {isa = PBXFileReference; lastKnownFileType = sourcecode.swift; path = ConfigurationIntentHandler.swift; sourceTree = "<group>"; };
/* End PBXFileReference section */

/* Begin PBXFrameworksBuildPhase section */
		C84B9D3C25BA1A32003DF4A7 /* Frameworks */ = {
			isa = PBXFrameworksBuildPhase;
			buildActionMask = 2147483647;
			files = (
			);
			runOnlyForDeploymentPostprocessing = 0;
		};
		C84B9D5B25BA22BD003DF4A7 /* Frameworks */ = {
			isa = PBXFrameworksBuildPhase;
			buildActionMask = 2147483647;
			files = (
				C84B9D6325BA22BD003DF4A7 /* SwiftUI.framework in Frameworks */,
				C84B9D6125BA22BD003DF4A7 /* WidgetKit.framework in Frameworks */,
			);
			runOnlyForDeploymentPostprocessing = 0;
		};
		C84B9D8125BA24BB003DF4A7 /* Frameworks */ = {
			isa = PBXFrameworksBuildPhase;
			buildActionMask = 2147483647;
			files = (
				C84B9D8625BA24BB003DF4A7 /* Intents.framework in Frameworks */,
			);
			runOnlyForDeploymentPostprocessing = 0;
		};
/* End PBXFrameworksBuildPhase section */

/* Begin PBXGroup section */
		C837D03625BA330300FB1D48 /* Widgets */ = {
			isa = PBXGroup;
			children = (
				C837D03825BA332100FB1D48 /* SmallImageWidget.swift */,
				C837D04025BA335300FB1D48 /* SmallImageWidgetView.swift */,
			);
			path = Widgets;
			sourceTree = "<group>";
		};
		C837D03725BA330B00FB1D48 /* Utilities */ = {
			isa = PBXGroup;
			children = (
				C837D02425BA31DF00FB1D48 /* Background.swift */,
			);
			path = Utilities;
			sourceTree = "<group>";
		};
		C84B9D3625BA1A32003DF4A7 = {
			isa = PBXGroup;
			children = (
				C84B9D4125BA1A32003DF4A7 /* PhoneWidget */,
				C84B9D6425BA22BD003DF4A7 /* Widgets */,
				C84B9D8725BA24BB003DF4A7 /* IntentHandler */,
				C84B9D5F25BA22BD003DF4A7 /* Frameworks */,
				C84B9D4025BA1A32003DF4A7 /* Products */,
			);
			sourceTree = "<group>";
		};
		C84B9D4025BA1A32003DF4A7 /* Products */ = {
			isa = PBXGroup;
			children = (
				C84B9D3F25BA1A32003DF4A7 /* PhoneWidget.app */,
				C84B9D5E25BA22BD003DF4A7 /* WidgetsExtension.appex */,
				C84B9D8425BA24BB003DF4A7 /* IntentHandler.appex */,
			);
			name = Products;
			sourceTree = "<group>";
		};
		C84B9D4125BA1A32003DF4A7 /* PhoneWidget */ = {
			isa = PBXGroup;
			children = (
				C84B9D4225BA1A32003DF4A7 /* PhoneWidgetApp.swift */,
				C84B9D4425BA1A32003DF4A7 /* ContentView.swift */,
				C84B9D4625BA1A33003DF4A7 /* Assets.xcassets */,
				C84B9D5025BA1A33003DF4A7 /* Info.plist */,
				C84B9D4825BA1A33003DF4A7 /* Preview Content */,
			);
			path = PhoneWidget;
			sourceTree = "<group>";
		};
		C84B9D4825BA1A33003DF4A7 /* Preview Content */ = {
			isa = PBXGroup;
			children = (
				C84B9D4925BA1A33003DF4A7 /* Preview Assets.xcassets */,
			);
			path = "Preview Content";
			sourceTree = "<group>";
		};
		C84B9D5F25BA22BD003DF4A7 /* Frameworks */ = {
			isa = PBXGroup;
			children = (
				C84B9D6025BA22BD003DF4A7 /* WidgetKit.framework */,
				C84B9D6225BA22BD003DF4A7 /* SwiftUI.framework */,
				C84B9D8525BA24BB003DF4A7 /* Intents.framework */,
			);
			name = Frameworks;
			sourceTree = "<group>";
		};
		C84B9D6425BA22BD003DF4A7 /* Widgets */ = {
			isa = PBXGroup;
			children = (
				C84B9D6525BA22BD003DF4A7 /* Widgets.swift */,
				C837D03625BA330300FB1D48 /* Widgets */,
				C837D03725BA330B00FB1D48 /* Utilities */,
				C84B9D6725BA22BD003DF4A7 /* Widgets.intentdefinition */,
				C84B9D6825BA22BE003DF4A7 /* Assets.xcassets */,
				C84B9D6A25BA22BE003DF4A7 /* Info.plist */,
			);
			path = Widgets;
			sourceTree = "<group>";
		};
		C84B9D8725BA24BB003DF4A7 /* IntentHandler */ = {
			isa = PBXGroup;
			children = (
				C84B9D8825BA24BB003DF4A7 /* IntentHandler.swift */,
				C84B9D8A25BA24BB003DF4A7 /* Info.plist */,
				C84B9D9825BA24F2003DF4A7 /* ConfigurationIntentHandler.swift */,
			);
			path = IntentHandler;
			sourceTree = "<group>";
		};
/* End PBXGroup section */

/* Begin PBXNativeTarget section */
		C84B9D3E25BA1A32003DF4A7 /* PhoneWidget */ = {
			isa = PBXNativeTarget;
			buildConfigurationList = C84B9D5325BA1A33003DF4A7 /* Build configuration list for PBXNativeTarget "PhoneWidget" */;
			buildPhases = (
				C84B9D3B25BA1A32003DF4A7 /* Sources */,
				C84B9D3C25BA1A32003DF4A7 /* Frameworks */,
				C84B9D3D25BA1A32003DF4A7 /* Resources */,
				C84B9D7325BA22BE003DF4A7 /* Embed App Extensions */,
			);
			buildRules = (
			);
			dependencies = (
				C84B9D6E25BA22BE003DF4A7 /* PBXTargetDependency */,
				C84B9D8C25BA24BB003DF4A7 /* PBXTargetDependency */,
			);
			name = PhoneWidget;
			productName = PhoneWidget;
			productReference = C84B9D3F25BA1A32003DF4A7 /* PhoneWidget.app */;
			productType = "com.apple.product-type.application";
		};
		C84B9D5D25BA22BD003DF4A7 /* WidgetsExtension */ = {
			isa = PBXNativeTarget;
			buildConfigurationList = C84B9D7025BA22BE003DF4A7 /* Build configuration list for PBXNativeTarget "WidgetsExtension" */;
			buildPhases = (
				C84B9D5A25BA22BD003DF4A7 /* Sources */,
				C84B9D5B25BA22BD003DF4A7 /* Frameworks */,
				C84B9D5C25BA22BD003DF4A7 /* Resources */,
			);
			buildRules = (
			);
			dependencies = (
			);
			name = WidgetsExtension;
			productName = WidgetsExtension;
			productReference = C84B9D5E25BA22BD003DF4A7 /* WidgetsExtension.appex */;
			productType = "com.apple.product-type.app-extension";
		};
		C84B9D8325BA24BB003DF4A7 /* IntentHandler */ = {
			isa = PBXNativeTarget;
			buildConfigurationList = C84B9D8E25BA24BB003DF4A7 /* Build configuration list for PBXNativeTarget "IntentHandler" */;
			buildPhases = (
				C84B9D8025BA24BB003DF4A7 /* Sources */,
				C84B9D8125BA24BB003DF4A7 /* Frameworks */,
				C84B9D8225BA24BB003DF4A7 /* Resources */,
			);
			buildRules = (
			);
			dependencies = (
			);
			name = IntentHandler;
			productName = IntentHandler;
			productReference = C84B9D8425BA24BB003DF4A7 /* IntentHandler.appex */;
			productType = "com.apple.product-type.app-extension";
		};
/* End PBXNativeTarget section */

/* Begin PBXProject section */
		C84B9D3725BA1A32003DF4A7 /* Project object */ = {
			isa = PBXProject;
			attributes = {
				LastSwiftUpdateCheck = 1230;
				LastUpgradeCheck = 1230;
				TargetAttributes = {
					C84B9D3E25BA1A32003DF4A7 = {
						CreatedOnToolsVersion = 12.3;
					};
					C84B9D5D25BA22BD003DF4A7 = {
						CreatedOnToolsVersion = 12.3;
					};
					C84B9D8325BA24BB003DF4A7 = {
						CreatedOnToolsVersion = 12.3;
					};
				};
			};
			buildConfigurationList = C84B9D3A25BA1A32003DF4A7 /* Build configuration list for PBXProject "PhoneWidget" */;
			compatibilityVersion = "Xcode 9.3";
			developmentRegion = en;
			hasScannedForEncodings = 0;
			knownRegions = (
				en,
				Base,
			);
			mainGroup = C84B9D3625BA1A32003DF4A7;
			productRefGroup = C84B9D4025BA1A32003DF4A7 /* Products */;
			projectDirPath = "";
			projectRoot = "";
			targets = (
				C84B9D3E25BA1A32003DF4A7 /* PhoneWidget */,
				C84B9D5D25BA22BD003DF4A7 /* WidgetsExtension */,
				C84B9D8325BA24BB003DF4A7 /* IntentHandler */,
			);
		};
/* End PBXProject section */

/* Begin PBXResourcesBuildPhase section */
		C84B9D3D25BA1A32003DF4A7 /* Resources */ = {
			isa = PBXResourcesBuildPhase;
			buildActionMask = 2147483647;
			files = (
				C84B9D4A25BA1A33003DF4A7 /* Preview Assets.xcassets in Resources */,
				C84B9D4725BA1A33003DF4A7 /* Assets.xcassets in Resources */,
			);
			runOnlyForDeploymentPostprocessing = 0;
		};
		C84B9D5C25BA22BD003DF4A7 /* Resources */ = {
			isa = PBXResourcesBuildPhase;
			buildActionMask = 2147483647;
			files = (
				C84B9D6925BA22BE003DF4A7 /* Assets.xcassets in Resources */,
			);
			runOnlyForDeploymentPostprocessing = 0;
		};
		C84B9D8225BA24BB003DF4A7 /* Resources */ = {
			isa = PBXResourcesBuildPhase;
			buildActionMask = 2147483647;
			files = (
			);
			runOnlyForDeploymentPostprocessing = 0;
		};
/* End PBXResourcesBuildPhase section */

/* Begin PBXSourcesBuildPhase section */
		C84B9D3B25BA1A32003DF4A7 /* Sources */ = {
			isa = PBXSourcesBuildPhase;
			buildActionMask = 2147483647;
			files = (
				C84B9D4525BA1A32003DF4A7 /* ContentView.swift in Sources */,
				C84B9D6C25BA22BE003DF4A7 /* Widgets.intentdefinition in Sources */,
				C84B9D4325BA1A32003DF4A7 /* PhoneWidgetApp.swift in Sources */,
			);
			runOnlyForDeploymentPostprocessing = 0;
		};
		C84B9D5A25BA22BD003DF4A7 /* Sources */ = {
			isa = PBXSourcesBuildPhase;
			buildActionMask = 2147483647;
			files = (
				C84B9D6B25BA22BE003DF4A7 /* Widgets.intentdefinition in Sources */,
				C837D04525BA350000FB1D48 /* SmallImageWidget.swift in Sources */,
				C84B9D6625BA22BD003DF4A7 /* Widgets.swift in Sources */,
				C837D04625BA350000FB1D48 /* SmallImageWidgetView.swift in Sources */,
				C837D02C25BA31E200FB1D48 /* Background.swift in Sources */,
			);
			runOnlyForDeploymentPostprocessing = 0;
		};
		C84B9D8025BA24BB003DF4A7 /* Sources */ = {
			isa = PBXSourcesBuildPhase;
			buildActionMask = 2147483647;
			files = (
				C84B9D9925BA24F2003DF4A7 /* ConfigurationIntentHandler.swift in Sources */,
				C84B9D9425BA24DC003DF4A7 /* Widgets.intentdefinition in Sources */,
				C84B9D8925BA24BB003DF4A7 /* IntentHandler.swift in Sources */,
			);
			runOnlyForDeploymentPostprocessing = 0;
		};
/* End PBXSourcesBuildPhase section */

/* Begin PBXTargetDependency section */
		C84B9D6E25BA22BE003DF4A7 /* PBXTargetDependency */ = {
			isa = PBXTargetDependency;
			target = C84B9D5D25BA22BD003DF4A7 /* WidgetsExtension */;
			targetProxy = C84B9D6D25BA22BE003DF4A7 /* PBXContainerItemProxy */;
		};
		C84B9D8C25BA24BB003DF4A7 /* PBXTargetDependency */ = {
			isa = PBXTargetDependency;
			target = C84B9D8325BA24BB003DF4A7 /* IntentHandler */;
			targetProxy = C84B9D8B25BA24BB003DF4A7 /* PBXContainerItemProxy */;
		};
/* End PBXTargetDependency section */

/* Begin XCBuildConfiguration section */
		C84B9D5125BA1A33003DF4A7 /* Debug */ = {
			isa = XCBuildConfiguration;
			buildSettings = {
				ALWAYS_SEARCH_USER_PATHS = NO;
				CLANG_ANALYZER_NONNULL = YES;
				CLANG_ANALYZER_NUMBER_OBJECT_CONVERSION = YES_AGGRESSIVE;
				CLANG_CXX_LANGUAGE_STANDARD = "gnu++14";
				CLANG_CXX_LIBRARY = "libc++";
				CLANG_ENABLE_MODULES = YES;
				CLANG_ENABLE_OBJC_ARC = YES;
				CLANG_ENABLE_OBJC_WEAK = YES;
				CLANG_WARN_BLOCK_CAPTURE_AUTORELEASING = YES;
				CLANG_WARN_BOOL_CONVERSION = YES;
				CLANG_WARN_COMMA = YES;
				CLANG_WARN_CONSTANT_CONVERSION = YES;
				CLANG_WARN_DEPRECATED_OBJC_IMPLEMENTATIONS = YES;
				CLANG_WARN_DIRECT_OBJC_ISA_USAGE = YES_ERROR;
				CLANG_WARN_DOCUMENTATION_COMMENTS = YES;
				CLANG_WARN_EMPTY_BODY = YES;
				CLANG_WARN_ENUM_CONVERSION = YES;
				CLANG_WARN_INFINITE_RECURSION = YES;
				CLANG_WARN_INT_CONVERSION = YES;
				CLANG_WARN_NON_LITERAL_NULL_CONVERSION = YES;
				CLANG_WARN_OBJC_IMPLICIT_RETAIN_SELF = YES;
				CLANG_WARN_OBJC_LITERAL_CONVERSION = YES;
				CLANG_WARN_OBJC_ROOT_CLASS = YES_ERROR;
				CLANG_WARN_QUOTED_INCLUDE_IN_FRAMEWORK_HEADER = YES;
				CLANG_WARN_RANGE_LOOP_ANALYSIS = YES;
				CLANG_WARN_STRICT_PROTOTYPES = YES;
				CLANG_WARN_SUSPICIOUS_MOVE = YES;
				CLANG_WARN_UNGUARDED_AVAILABILITY = YES_AGGRESSIVE;
				CLANG_WARN_UNREACHABLE_CODE = YES;
				CLANG_WARN__DUPLICATE_METHOD_MATCH = YES;
				COPY_PHASE_STRIP = NO;
				DEBUG_INFORMATION_FORMAT = dwarf;
				ENABLE_STRICT_OBJC_MSGSEND = YES;
				ENABLE_TESTABILITY = YES;
				GCC_C_LANGUAGE_STANDARD = gnu11;
				GCC_DYNAMIC_NO_PIC = NO;
				GCC_NO_COMMON_BLOCKS = YES;
				GCC_OPTIMIZATION_LEVEL = 0;
				GCC_PREPROCESSOR_DEFINITIONS = (
					"DEBUG=1",
					"$(inherited)",
				);
				GCC_WARN_64_TO_32_BIT_CONVERSION = YES;
				GCC_WARN_ABOUT_RETURN_TYPE = YES_ERROR;
				GCC_WARN_UNDECLARED_SELECTOR = YES;
				GCC_WARN_UNINITIALIZED_AUTOS = YES_AGGRESSIVE;
				GCC_WARN_UNUSED_FUNCTION = YES;
				GCC_WARN_UNUSED_VARIABLE = YES;
				IPHONEOS_DEPLOYMENT_TARGET = 14.3;
				MTL_ENABLE_DEBUG_INFO = INCLUDE_SOURCE;
				MTL_FAST_MATH = YES;
				ONLY_ACTIVE_ARCH = YES;
				SDKROOT = iphoneos;
				SWIFT_ACTIVE_COMPILATION_CONDITIONS = DEBUG;
				SWIFT_OPTIMIZATION_LEVEL = "-Onone";
			};
			name = Debug;
		};
		C84B9D5225BA1A33003DF4A7 /* Release */ = {
			isa = XCBuildConfiguration;
			buildSettings = {
				ALWAYS_SEARCH_USER_PATHS = NO;
				CLANG_ANALYZER_NONNULL = YES;
				CLANG_ANALYZER_NUMBER_OBJECT_CONVERSION = YES_AGGRESSIVE;
				CLANG_CXX_LANGUAGE_STANDARD = "gnu++14";
				CLANG_CXX_LIBRARY = "libc++";
				CLANG_ENABLE_MODULES = YES;
				CLANG_ENABLE_OBJC_ARC = YES;
				CLANG_ENABLE_OBJC_WEAK = YES;
				CLANG_WARN_BLOCK_CAPTURE_AUTORELEASING = YES;
				CLANG_WARN_BOOL_CONVERSION = YES;
				CLANG_WARN_COMMA = YES;
				CLANG_WARN_CONSTANT_CONVERSION = YES;
				CLANG_WARN_DEPRECATED_OBJC_IMPLEMENTATIONS = YES;
				CLANG_WARN_DIRECT_OBJC_ISA_USAGE = YES_ERROR;
				CLANG_WARN_DOCUMENTATION_COMMENTS = YES;
				CLANG_WARN_EMPTY_BODY = YES;
				CLANG_WARN_ENUM_CONVERSION = YES;
				CLANG_WARN_INFINITE_RECURSION = YES;
				CLANG_WARN_INT_CONVERSION = YES;
				CLANG_WARN_NON_LITERAL_NULL_CONVERSION = YES;
				CLANG_WARN_OBJC_IMPLICIT_RETAIN_SELF = YES;
				CLANG_WARN_OBJC_LITERAL_CONVERSION = YES;
				CLANG_WARN_OBJC_ROOT_CLASS = YES_ERROR;
				CLANG_WARN_QUOTED_INCLUDE_IN_FRAMEWORK_HEADER = YES;
				CLANG_WARN_RANGE_LOOP_ANALYSIS = YES;
				CLANG_WARN_STRICT_PROTOTYPES = YES;
				CLANG_WARN_SUSPICIOUS_MOVE = YES;
				CLANG_WARN_UNGUARDED_AVAILABILITY = YES_AGGRESSIVE;
				CLANG_WARN_UNREACHABLE_CODE = YES;
				CLANG_WARN__DUPLICATE_METHOD_MATCH = YES;
				COPY_PHASE_STRIP = NO;
				DEBUG_INFORMATION_FORMAT = "dwarf-with-dsym";
				ENABLE_NS_ASSERTIONS = NO;
				ENABLE_STRICT_OBJC_MSGSEND = YES;
				GCC_C_LANGUAGE_STANDARD = gnu11;
				GCC_NO_COMMON_BLOCKS = YES;
				GCC_WARN_64_TO_32_BIT_CONVERSION = YES;
				GCC_WARN_ABOUT_RETURN_TYPE = YES_ERROR;
				GCC_WARN_UNDECLARED_SELECTOR = YES;
				GCC_WARN_UNINITIALIZED_AUTOS = YES_AGGRESSIVE;
				GCC_WARN_UNUSED_FUNCTION = YES;
				GCC_WARN_UNUSED_VARIABLE = YES;
				IPHONEOS_DEPLOYMENT_TARGET = 14.3;
				MTL_ENABLE_DEBUG_INFO = NO;
				MTL_FAST_MATH = YES;
				SDKROOT = iphoneos;
				SWIFT_COMPILATION_MODE = wholemodule;
				SWIFT_OPTIMIZATION_LEVEL = "-O";
				VALIDATE_PRODUCT = YES;
			};
			name = Release;
		};
		C84B9D5425BA1A33003DF4A7 /* Debug */ = {
			isa = XCBuildConfiguration;
			buildSettings = {
				ALWAYS_EMBED_SWIFT_STANDARD_LIBRARIES = YES;
				ASSETCATALOG_COMPILER_APPICON_NAME = AppIcon;
				ASSETCATALOG_COMPILER_GLOBAL_ACCENT_COLOR_NAME = AccentColor;
				CODE_SIGN_STYLE = Automatic;
				DEVELOPMENT_ASSET_PATHS = "\"PhoneWidget/Preview Content\"";
				DEVELOPMENT_TEAM = FS696NSBK7;
				ENABLE_PREVIEWS = YES;
				INFOPLIST_FILE = PhoneWidget/Info.plist;
				IPHONEOS_DEPLOYMENT_TARGET = 14.0;
				LD_RUNPATH_SEARCH_PATHS = (
					"$(inherited)",
					"@executable_path/Frameworks",
				);
				PRODUCT_BUNDLE_IDENTIFIER = com.emiliopelaez.PhoneWidget;
				PRODUCT_NAME = "$(TARGET_NAME)";
				SWIFT_VERSION = 5.0;
				TARGETED_DEVICE_FAMILY = "1,2";
			};
			name = Debug;
		};
		C84B9D5525BA1A33003DF4A7 /* Release */ = {
			isa = XCBuildConfiguration;
			buildSettings = {
				ALWAYS_EMBED_SWIFT_STANDARD_LIBRARIES = YES;
				ASSETCATALOG_COMPILER_APPICON_NAME = AppIcon;
				ASSETCATALOG_COMPILER_GLOBAL_ACCENT_COLOR_NAME = AccentColor;
				CODE_SIGN_STYLE = Automatic;
				DEVELOPMENT_ASSET_PATHS = "\"PhoneWidget/Preview Content\"";
				DEVELOPMENT_TEAM = FS696NSBK7;
				ENABLE_PREVIEWS = YES;
				INFOPLIST_FILE = PhoneWidget/Info.plist;
				IPHONEOS_DEPLOYMENT_TARGET = 14.0;
				LD_RUNPATH_SEARCH_PATHS = (
					"$(inherited)",
					"@executable_path/Frameworks",
				);
				PRODUCT_BUNDLE_IDENTIFIER = com.emiliopelaez.PhoneWidget;
				PRODUCT_NAME = "$(TARGET_NAME)";
				SWIFT_VERSION = 5.0;
				TARGETED_DEVICE_FAMILY = "1,2";
			};
			name = Release;
		};
		C84B9D7125BA22BE003DF4A7 /* Debug */ = {
			isa = XCBuildConfiguration;
			buildSettings = {
				ASSETCATALOG_COMPILER_GLOBAL_ACCENT_COLOR_NAME = AccentColor;
				ASSETCATALOG_COMPILER_WIDGET_BACKGROUND_COLOR_NAME = WidgetBackground;
				CODE_SIGN_STYLE = Automatic;
				DEVELOPMENT_TEAM = FS696NSBK7;
				INFOPLIST_FILE = Widgets/Info.plist;
				LD_RUNPATH_SEARCH_PATHS = (
					"$(inherited)",
					"@executable_path/Frameworks",
					"@executable_path/../../Frameworks",
				);
				PRODUCT_BUNDLE_IDENTIFIER = com.emiliopelaez.PhoneWidget.Widgets;
				PRODUCT_NAME = "$(TARGET_NAME)";
				SKIP_INSTALL = YES;
				SWIFT_VERSION = 5.0;
				TARGETED_DEVICE_FAMILY = "1,2";
			};
			name = Debug;
		};
		C84B9D7225BA22BE003DF4A7 /* Release */ = {
			isa = XCBuildConfiguration;
			buildSettings = {
				ASSETCATALOG_COMPILER_GLOBAL_ACCENT_COLOR_NAME = AccentColor;
				ASSETCATALOG_COMPILER_WIDGET_BACKGROUND_COLOR_NAME = WidgetBackground;
				CODE_SIGN_STYLE = Automatic;
				DEVELOPMENT_TEAM = FS696NSBK7;
				INFOPLIST_FILE = Widgets/Info.plist;
				LD_RUNPATH_SEARCH_PATHS = (
					"$(inherited)",
					"@executable_path/Frameworks",
					"@executable_path/../../Frameworks",
				);
				PRODUCT_BUNDLE_IDENTIFIER = com.emiliopelaez.PhoneWidget.Widgets;
				PRODUCT_NAME = "$(TARGET_NAME)";
				SKIP_INSTALL = YES;
				SWIFT_VERSION = 5.0;
				TARGETED_DEVICE_FAMILY = "1,2";
			};
			name = Release;
		};
		C84B9D8F25BA24BB003DF4A7 /* Debug */ = {
			isa = XCBuildConfiguration;
			buildSettings = {
				CODE_SIGN_STYLE = Automatic;
				DEVELOPMENT_TEAM = FS696NSBK7;
				INFOPLIST_FILE = IntentHandler/Info.plist;
				LD_RUNPATH_SEARCH_PATHS = (
					"$(inherited)",
					"@executable_path/Frameworks",
					"@executable_path/../../Frameworks",
				);
				PRODUCT_BUNDLE_IDENTIFIER = com.emiliopelaez.PhoneWidget.IntentHandler;
				PRODUCT_NAME = "$(TARGET_NAME)";
				SKIP_INSTALL = YES;
				SWIFT_VERSION = 5.0;
				TARGETED_DEVICE_FAMILY = "1,2";
			};
			name = Debug;
		};
		C84B9D9025BA24BB003DF4A7 /* Release */ = {
			isa = XCBuildConfiguration;
			buildSettings = {
				CODE_SIGN_STYLE = Automatic;
				DEVELOPMENT_TEAM = FS696NSBK7;
				INFOPLIST_FILE = IntentHandler/Info.plist;
				LD_RUNPATH_SEARCH_PATHS = (
					"$(inherited)",
					"@executable_path/Frameworks",
					"@executable_path/../../Frameworks",
				);
				PRODUCT_BUNDLE_IDENTIFIER = com.emiliopelaez.PhoneWidget.IntentHandler;
				PRODUCT_NAME = "$(TARGET_NAME)";
				SKIP_INSTALL = YES;
				SWIFT_VERSION = 5.0;
				TARGETED_DEVICE_FAMILY = "1,2";
			};
			name = Release;
		};
/* End XCBuildConfiguration section */

/* Begin XCConfigurationList section */
		C84B9D3A25BA1A32003DF4A7 /* Build configuration list for PBXProject "PhoneWidget" */ = {
			isa = XCConfigurationList;
			buildConfigurations = (
				C84B9D5125BA1A33003DF4A7 /* Debug */,
				C84B9D5225BA1A33003DF4A7 /* Release */,
			);
			defaultConfigurationIsVisible = 0;
			defaultConfigurationName = Release;
		};
		C84B9D5325BA1A33003DF4A7 /* Build configuration list for PBXNativeTarget "PhoneWidget" */ = {
			isa = XCConfigurationList;
			buildConfigurations = (
				C84B9D5425BA1A33003DF4A7 /* Debug */,
				C84B9D5525BA1A33003DF4A7 /* Release */,
			);
			defaultConfigurationIsVisible = 0;
			defaultConfigurationName = Release;
		};
		C84B9D7025BA22BE003DF4A7 /* Build configuration list for PBXNativeTarget "WidgetsExtension" */ = {
			isa = XCConfigurationList;
			buildConfigurations = (
				C84B9D7125BA22BE003DF4A7 /* Debug */,
				C84B9D7225BA22BE003DF4A7 /* Release */,
			);
			defaultConfigurationIsVisible = 0;
			defaultConfigurationName = Release;
		};
		C84B9D8E25BA24BB003DF4A7 /* Build configuration list for PBXNativeTarget "IntentHandler" */ = {
			isa = XCConfigurationList;
			buildConfigurations = (
				C84B9D8F25BA24BB003DF4A7 /* Debug */,
				C84B9D9025BA24BB003DF4A7 /* Release */,
			);
			defaultConfigurationIsVisible = 0;
			defaultConfigurationName = Release;
		};
/* End XCConfigurationList section */
	};
	rootObject = C84B9D3725BA1A32003DF4A7 /* Project object */;
}
